{
  "name": "client",
  "version": "0.1.0",
  "lockfileVersion": 1,
  "requires": true,
  "dependencies": {
    "classnames": {
      "version": "2.2.6",
      "resolved": "https://registry.npmjs.org/classnames/-/classnames-2.2.6.tgz",
      "integrity": "sha512-JR/iSQOSt+LQIWwrwEzJ9uk0xfN3mTVYMwt1Ir5mUcSN6pU+V4zQFFaJsclJbPuAUQH+yfWef6tm7l1quW3C8Q=="
    },
    "q": {
      "version": "1.5.1",
      "resolved": "https://registry.npmjs.org/q/-/q-1.5.1.tgz",
      "integrity": "sha1-fjL3W0E4EpHQRhHxvxQQmsAGUdc="
    },
    "react-fitted-image": {
      "version": "0.1.4",
      "resolved": "https://registry.npmjs.org/react-fitted-image/-/react-fitted-image-0.1.4.tgz",
      "integrity": "sha512-+BPGIxmIn1oj6woFqqB0uSKcwl1J1SK5ttyhjF2qFsFBOL9XX+yPX98kC+Pn9s31Z7M3Z7NaCRvu0ZKxvEorfQ==",
      "requires": {
        "classnames": "^2.2.3",
        "q": "^1.4.1"
      }
    }
  }
}
